PATH
  remote: .
  specs:
    rspec-doom (0.1.1)
      cruise
      logger
      notiffany

GEM
  remote: https://rubygems.org/
  specs:
    cruise (0.3.0)
    cruise (0.3.0-aarch64-linux-gnu)
    cruise (0.3.0-aarch64-linux-musl)
    cruise (0.3.0-arm-linux-gnu)
    cruise (0.3.0-arm64-darwin)
    cruise (0.3.0-x86_64-darwin)
    cruise (0.3.0-x86_64-linux-gnu)
    cruise (0.3.0-x86_64-linux-musl)
    diff-lcs (1.6.2)
    logger (1.7.0)
    nenv (0.3.0)
    notiffany (0.1.3)
      nenv (~> 0.1)
      shellany (~> 0.0)
    rake (13.4.2)
    rspec (3.13.2)
      rspec-core (~> 3.13.0)
      rspec-expectations (~> 3.13.0)
      rspec-mocks (~> 3.13.0)
    rspec-core (3.13.6)
      rspec-support (~> 3.13.0)
    rspec-expectations (3.13.5)
      diff-lcs (>= 1.2.0, < 2.0)
      rspec-support (~> 3.13.0)
    rspec-mocks (3.13.8)
      diff-lcs (>= 1.2.0, < 2.0)
      rspec-support (~> 3.13.0)
    rspec-support (3.13.7)
    shellany (0.0.1)

PLATFORMS
  aarch64-linux-gnu
  aarch64-linux-musl
  arm-linux-gnu
  arm64-darwin
  ruby
  x86_64-darwin
  x86_64-linux-gnu
  x86_64-linux-musl

DEPENDENCIES
  rake (~> 13.0)
  rspec (~> 3.0)
  rspec-doom!

CHECKSUMS
  cruise (0.3.0) sha256=db75b7c589d1746965708bb82433591647ee32d77690fe7c42582352e0851e43
  cruise (0.3.0-aarch64-linux-gnu) sha256=99c96550a7d2e740212978770d3867837371de335cd866e4755abd34b8428838
  cruise (0.3.0-aarch64-linux-musl) sha256=a23e5c415f491a3480eff71f1a07692d7fc1bac39a316c04fb3726faec620d87
  cruise (0.3.0-arm-linux-gnu) sha256=c266461d7ab6422afd8f3504d9b67ebc0db2c2116750d2b4eb32c7103bf42d3e
  cruise (0.3.0-arm64-darwin) sha256=6bb8bbef2ab7b4103849e1809435aa1922d07ec5e2c766a525626c41682ab5ff
  cruise (0.3.0-x86_64-darwin) sha256=5dcf048c20cfcaf208cdcdd6ddfd4410acb431ff18a84bd7441bba0c8b8d6b83
  cruise (0.3.0-x86_64-linux-gnu) sha256=a7bdd7c72307a450a9d37f3c7a90c118230ea6122663b32b8c8e52cad32adfa8
  cruise (0.3.0-x86_64-linux-musl) sha256=54ed6809f1d476bf99a3043bc256cca0efed8bbc9df93a55f4e49eac2bbcb7f4
  diff-lcs (1.6.2) sha256=9ae0d2cba7d4df3075fe8cd8602a8604993efc0dfa934cff568969efb1909962
  logger (1.7.0) sha256=196edec7cc44b66cfb40f9755ce11b392f21f7967696af15d274dde7edff0203
  nenv (0.3.0) sha256=d9de6d8fb7072228463bf61843159419c969edb34b3cef51832b516ae7972765
  notiffany (0.1.3) sha256=d37669605b7f8dcb04e004e6373e2a780b98c776f8eb503ac9578557d7808738
  rake (13.4.2) sha256=cb825b2bd5f1f8e91ca37bddb4b9aaf345551b4731da62949be002fa89283701
  rspec (3.13.2) sha256=206284a08ad798e61f86d7ca3e376718d52c0bc944626b2349266f239f820587
  rspec-core (3.13.6) sha256=a8823c6411667b60a8bca135364351dda34cd55e44ff94c4be4633b37d828b2d
  rspec-doom (0.1.1)
  rspec-expectations (3.13.5) sha256=33a4d3a1d95060aea4c94e9f237030a8f9eae5615e9bd85718fe3a09e4b58836
  rspec-mocks (3.13.8) sha256=086ad3d3d17533f4237643de0b5c42f04b66348c28bf6b9c2d3f4a3b01af1d47
  rspec-support (3.13.7) sha256=0640e5570872aafefd79867901deeeeb40b0c9875a36b983d85f54fb7381c47c
  shellany (0.0.1) sha256=0e127a9132698766d7e752e82cdac8250b6adbd09e6c0a7fbbb6f61964fedee7

BUNDLED WITH
  4.0.16
